
Microsoft Visual Studio Solution File, Format Version 12.00
# Visual Studio Version 16
VisualStudioVersion = 16.0.31424.327
MinimumVisualStudioVersion = 10.0.40219.1
Project("{9A19103F-16F7-4668-BE54-9A1E7A4F7556}") = "FootballCrimeStatistics", "FootballCrimeStatistics\FootballCrimeStatistics.csproj", "{FA76E67A-2274-4628-804D-7C3A20A2A19A}"
EndProject
Project("{FAE04EC0-301F-11D3-BF4B-00C04F79EFBC}") = "FootballCrimeStatistics.UnitTests", "FootballCrimeStatistics.UnitTests\FootballCrimeStatistics.UnitTests.csproj", "{6ABFA128-BB35-4753-A745-2D4128058E8A}"
EndProject
Project("{FAE04EC0-301F-11D3-BF4B-00C04F79EFBC}") = "FootballCrimeStatistics.Logic", "FootballCrimeStatistics.Logic\FootballCrimeStatistics.Logic.csproj", "{20B8ABB6-F762-49A0-8416-9951F2F5DA6F}"
EndProject
Global
	GlobalSection(SolutionConfigurationPlatforms) = preSolution
		Debug|Any CPU = Debug|Any CPU
		Release|Any CPU = Release|Any CPU
	EndGlobalSection
	GlobalSection(ProjectConfigurationPlatforms) = postSolution
		{FA76E67A-2274-4628-804D-7C3A20A2A19A}.Debug|Any CPU.ActiveCfg = Debug|Any CPU
		{FA76E67A-2274-4628-804D-7C3A20A2A19A}.Debug|Any CPU.Build.0 = Debug|Any CPU
		{FA76E67A-2274-4628-804D-7C3A20A2A19A}.Release|Any CPU.ActiveCfg = Release|Any CPU
		{FA76E67A-2274-4628-804D-7C3A20A2A19A}.Release|Any CPU.Build.0 = Release|Any CPU
		{6ABFA128-BB35-4753-A745-2D4128058E8A}.Debug|Any CPU.ActiveCfg = Debug|Any CPU
		{6ABFA128-BB35-4753-A745-2D4128058E8A}.Debug|Any CPU.Build.0 = Debug|Any CPU
		{6ABFA128-BB35-4753-A745-2D4128058E8A}.Release|Any CPU.ActiveCfg = Release|Any CPU
		{6ABFA128-BB35-4753-A745-2D4128058E8A}.Release|Any CPU.Build.0 = Release|Any CPU
		{20B8ABB6-F762-49A0-8416-9951F2F5DA6F}.Debug|Any CPU.ActiveCfg = Debug|Any CPU
		{20B8ABB6-F762-49A0-8416-9951F2F5DA6F}.Debug|Any CPU.Build.0 = Debug|Any CPU
		{20B8ABB6-F762-49A0-8416-9951F2F5DA6F}.Release|Any CPU.ActiveCfg = Release|Any CPU
		{20B8ABB6-F762-49A0-8416-9951F2F5DA6F}.Release|Any CPU.Build.0 = Release|Any CPU
	EndGlobalSection
	GlobalSection(SolutionProperties) = preSolution
		HideSolutionNode = FALSE
	EndGlobalSection
	GlobalSection(ExtensibilityGlobals) = postSolution
		SolutionGuid = {DEECA273-4DE5-48D9-BFAC-E351075C7D90}
	EndGlobalSection
EndGlobal
